
Microsoft Visual Studio Solution File, Format Version 12.00
# Visual Studio Version 16
VisualStudioVersion = 16.0.32002.261
MinimumVisualStudioVersion = 10.0.40219.1
Project("{FAE04EC0-301F-11D3-BF4B-00C04F79EFBC}") = "AkademikPersonel", "AkademikPersonel\AkademikPersonel.csproj", "{46E27834-AFD3-4000-A575-C47F807ED13D}"
EndProject
Project("{FAE04EC0-301F-11D3-BF4B-00C04F79EFBC}") = "YONETIM", "YONETIM\YONETIM.csproj", "{413779E7-860C-46B8-9396-D5C736D4C378}"
EndProject
Global
	GlobalSection(SolutionConfigurationPlatforms) = preSolution
		Debug|Any CPU = Debug|Any CPU
		Release|Any CPU = Release|Any CPU
	EndGlobalSection
	GlobalSection(ProjectConfigurationPlatforms) = postSolution
		{46E27834-AFD3-4000-A575-C47F807ED13D}.Debug|Any CPU.ActiveCfg = Debug|Any CPU
		{46E27834-AFD3-4000-A575-C47F807ED13D}.Debug|Any CPU.Build.0 = Debug|Any CPU
		{46E27834-AFD3-4000-A575-C47F807ED13D}.Release|Any CPU.ActiveCfg = Release|Any CPU
		{46E27834-AFD3-4000-A575-C47F807ED13D}.Release|Any CPU.Build.0 = Release|Any CPU
		{413779E7-860C-46B8-9396-D5C736D4C378}.Debug|Any CPU.ActiveCfg = Debug|Any CPU
		{413779E7-860C-46B8-9396-D5C736D4C378}.Debug|Any CPU.Build.0 = Debug|Any CPU
		{413779E7-860C-46B8-9396-D5C736D4C378}.Release|Any CPU.ActiveCfg = Release|Any CPU
		{413779E7-860C-46B8-9396-D5C736D4C378}.Release|Any CPU.Build.0 = Release|Any CPU
	EndGlobalSection
	GlobalSection(SolutionProperties) = preSolution
		HideSolutionNode = FALSE
	EndGlobalSection
	GlobalSection(ExtensibilityGlobals) = postSolution
		SolutionGuid = {7E5EC177-F57A-4078-AB3E-A244A7359B54}
	EndGlobalSection
EndGlobal
