
Microsoft Visual Studio Solution File, Format Version 12.00
# Visual Studio Version 16
VisualStudioVersion = 16.0.32002.261
MinimumVisualStudioVersion = 10.0.40219.1
Project("{FAE04EC0-301F-11D3-BF4B-00C04F79EFBC}") = "InnerLoop", "InnerLoop\InnerLoop.csproj", "{4D2234A4-5DD6-4DF0-B964-6D1029F03B90}"
EndProject
Global
	GlobalSection(SolutionConfigurationPlatforms) = preSolution
		Debug|Any CPU = Debug|Any CPU
		Release|Any CPU = Release|Any CPU
	EndGlobalSection
	GlobalSection(ProjectConfigurationPlatforms) = postSolution
		{4D2234A4-5DD6-4DF0-B964-6D1029F03B90}.Debug|Any CPU.ActiveCfg = Debug|Any CPU
		{4D2234A4-5DD6-4DF0-B964-6D1029F03B90}.Debug|Any CPU.Build.0 = Debug|Any CPU
		{4D2234A4-5DD6-4DF0-B964-6D1029F03B90}.Release|Any CPU.ActiveCfg = Release|Any CPU
		{4D2234A4-5DD6-4DF0-B964-6D1029F03B90}.Release|Any CPU.Build.0 = Release|Any CPU
	EndGlobalSection
	GlobalSection(SolutionProperties) = preSolution
		HideSolutionNode = FALSE
	EndGlobalSection
	GlobalSection(ExtensibilityGlobals) = postSolution
		SolutionGuid = {11C41EAB-5DA1-4315-B5A8-F523D639D6F0}
	EndGlobalSection
EndGlobal
