
Microsoft Visual Studio Solution File, Format Version 12.00
# Visual Studio Version 16
VisualStudioVersion = 16.0.32002.261
MinimumVisualStudioVersion = 10.0.40219.1
Project("{FAE04EC0-301F-11D3-BF4B-00C04F79EFBC}") = "NumerikUpDown", "NumerikUpDown\NumerikUpDown.csproj", "{F72FF632-D080-41E8-853D-BE5F72485035}"
EndProject
Global
	GlobalSection(SolutionConfigurationPlatforms) = preSolution
		Debug|Any CPU = Debug|Any CPU
		Release|Any CPU = Release|Any CPU
	EndGlobalSection
	GlobalSection(ProjectConfigurationPlatforms) = postSolution
		{F72FF632-D080-41E8-853D-BE5F72485035}.Debug|Any CPU.ActiveCfg = Debug|Any CPU
		{F72FF632-D080-41E8-853D-BE5F72485035}.Debug|Any CPU.Build.0 = Debug|Any CPU
		{F72FF632-D080-41E8-853D-BE5F72485035}.Release|Any CPU.ActiveCfg = Release|Any CPU
		{F72FF632-D080-41E8-853D-BE5F72485035}.Release|Any CPU.Build.0 = Release|Any CPU
	EndGlobalSection
	GlobalSection(SolutionProperties) = preSolution
		HideSolutionNode = FALSE
	EndGlobalSection
	GlobalSection(ExtensibilityGlobals) = postSolution
		SolutionGuid = {5C9EB8BA-4420-40F2-A1B9-0DB8C9B8D5D1}
	EndGlobalSection
EndGlobal
