
Microsoft Visual Studio Solution File, Format Version 12.00
# Visual Studio Version 16
VisualStudioVersion = 16.0.32002.261
MinimumVisualStudioVersion = 10.0.40219.1
Project("{FAE04EC0-301F-11D3-BF4B-00C04F79EFBC}") = "MakineKapsulleme", "MakineKapsulleme\MakineKapsulleme.csproj", "{3CC91D4C-6793-4C86-8F27-D7304314F5F9}"
EndProject
Project("{FAE04EC0-301F-11D3-BF4B-00C04F79EFBC}") = "AsansorUygulama", "AsansorUygulama\AsansorUygulama.csproj", "{FAD412E6-F97F-440A-A4B2-617475680FF2}"
EndProject
Global
	GlobalSection(SolutionConfigurationPlatforms) = preSolution
		Debug|Any CPU = Debug|Any CPU
		Release|Any CPU = Release|Any CPU
	EndGlobalSection
	GlobalSection(ProjectConfigurationPlatforms) = postSolution
		{3CC91D4C-6793-4C86-8F27-D7304314F5F9}.Debug|Any CPU.ActiveCfg = Debug|Any CPU
		{3CC91D4C-6793-4C86-8F27-D7304314F5F9}.Debug|Any CPU.Build.0 = Debug|Any CPU
		{3CC91D4C-6793-4C86-8F27-D7304314F5F9}.Release|Any CPU.ActiveCfg = Release|Any CPU
		{3CC91D4C-6793-4C86-8F27-D7304314F5F9}.Release|Any CPU.Build.0 = Release|Any CPU
		{FAD412E6-F97F-440A-A4B2-617475680FF2}.Debug|Any CPU.ActiveCfg = Debug|Any CPU
		{FAD412E6-F97F-440A-A4B2-617475680FF2}.Debug|Any CPU.Build.0 = Debug|Any CPU
		{FAD412E6-F97F-440A-A4B2-617475680FF2}.Release|Any CPU.ActiveCfg = Release|Any CPU
		{FAD412E6-F97F-440A-A4B2-617475680FF2}.Release|Any CPU.Build.0 = Release|Any CPU
	EndGlobalSection
	GlobalSection(SolutionProperties) = preSolution
		HideSolutionNode = FALSE
	EndGlobalSection
	GlobalSection(ExtensibilityGlobals) = postSolution
		SolutionGuid = {71C51696-7A91-4158-AD24-203F9FD07C72}
	EndGlobalSection
EndGlobal
