
Microsoft Visual Studio Solution File, Format Version 12.00
# Visual Studio Version 16
VisualStudioVersion = 16.0.32002.261
MinimumVisualStudioVersion = 10.0.40219.1
Project("{FAE04EC0-301F-11D3-BF4B-00C04F79EFBC}") = "ListTekrar", "ListTekrar\ListTekrar.csproj", "{2B417581-A9BA-4615-B53E-DFCC387BCD82}"
EndProject
Project("{FAE04EC0-301F-11D3-BF4B-00C04F79EFBC}") = "REHBER", "REHBER\REHBER.csproj", "{F32DB7C0-2476-48C5-A882-01A1DDC25A21}"
EndProject
Global
	GlobalSection(SolutionConfigurationPlatforms) = preSolution
		Debug|Any CPU = Debug|Any CPU
		Release|Any CPU = Release|Any CPU
	EndGlobalSection
	GlobalSection(ProjectConfigurationPlatforms) = postSolution
		{2B417581-A9BA-4615-B53E-DFCC387BCD82}.Debug|Any CPU.ActiveCfg = Debug|Any CPU
		{2B417581-A9BA-4615-B53E-DFCC387BCD82}.Debug|Any CPU.Build.0 = Debug|Any CPU
		{2B417581-A9BA-4615-B53E-DFCC387BCD82}.Release|Any CPU.ActiveCfg = Release|Any CPU
		{2B417581-A9BA-4615-B53E-DFCC387BCD82}.Release|Any CPU.Build.0 = Release|Any CPU
		{F32DB7C0-2476-48C5-A882-01A1DDC25A21}.Debug|Any CPU.ActiveCfg = Debug|Any CPU
		{F32DB7C0-2476-48C5-A882-01A1DDC25A21}.Debug|Any CPU.Build.0 = Debug|Any CPU
		{F32DB7C0-2476-48C5-A882-01A1DDC25A21}.Release|Any CPU.ActiveCfg = Release|Any CPU
		{F32DB7C0-2476-48C5-A882-01A1DDC25A21}.Release|Any CPU.Build.0 = Release|Any CPU
	EndGlobalSection
	GlobalSection(SolutionProperties) = preSolution
		HideSolutionNode = FALSE
	EndGlobalSection
	GlobalSection(ExtensibilityGlobals) = postSolution
		SolutionGuid = {710D085D-3534-459B-BAAA-4960D11A4869}
	EndGlobalSection
EndGlobal
