
Microsoft Visual Studio Solution File, Format Version 12.00
# Visual Studio Version 16
VisualStudioVersion = 16.0.32002.261
MinimumVisualStudioVersion = 10.0.40219.1
Project("{FAE04EC0-301F-11D3-BF4B-00C04F79EFBC}") = "DOWHILEFORM", "DOWHILEFORM\DOWHILEFORM.csproj", "{191FAF26-A41E-494F-87D0-90C90AD0D78D}"
EndProject
Global
	GlobalSection(SolutionConfigurationPlatforms) = preSolution
		Debug|Any CPU = Debug|Any CPU
		Release|Any CPU = Release|Any CPU
	EndGlobalSection
	GlobalSection(ProjectConfigurationPlatforms) = postSolution
		{191FAF26-A41E-494F-87D0-90C90AD0D78D}.Debug|Any CPU.ActiveCfg = Debug|Any CPU
		{191FAF26-A41E-494F-87D0-90C90AD0D78D}.Debug|Any CPU.Build.0 = Debug|Any CPU
		{191FAF26-A41E-494F-87D0-90C90AD0D78D}.Release|Any CPU.ActiveCfg = Release|Any CPU
		{191FAF26-A41E-494F-87D0-90C90AD0D78D}.Release|Any CPU.Build.0 = Release|Any CPU
	EndGlobalSection
	GlobalSection(SolutionProperties) = preSolution
		HideSolutionNode = FALSE
	EndGlobalSection
	GlobalSection(ExtensibilityGlobals) = postSolution
		SolutionGuid = {A0A2D349-0D61-40C8-B077-D93A5CFA1D3E}
	EndGlobalSection
EndGlobal
