
Microsoft Visual Studio Solution File, Format Version 12.00
# Visual Studio Version 16
VisualStudioVersion = 16.0.32002.261
MinimumVisualStudioVersion = 10.0.40219.1
Project("{FAE04EC0-301F-11D3-BF4B-00C04F79EFBC}") = "LezzetHamburger", "LezzetHamburger\LezzetHamburger.csproj", "{412F87ED-A44D-443E-BBD0-F0727A8F0A2E}"
EndProject
Global
	GlobalSection(SolutionConfigurationPlatforms) = preSolution
		Debug|Any CPU = Debug|Any CPU
		Release|Any CPU = Release|Any CPU
	EndGlobalSection
	GlobalSection(ProjectConfigurationPlatforms) = postSolution
		{412F87ED-A44D-443E-BBD0-F0727A8F0A2E}.Debug|Any CPU.ActiveCfg = Debug|Any CPU
		{412F87ED-A44D-443E-BBD0-F0727A8F0A2E}.Debug|Any CPU.Build.0 = Debug|Any CPU
		{412F87ED-A44D-443E-BBD0-F0727A8F0A2E}.Release|Any CPU.ActiveCfg = Release|Any CPU
		{412F87ED-A44D-443E-BBD0-F0727A8F0A2E}.Release|Any CPU.Build.0 = Release|Any CPU
	EndGlobalSection
	GlobalSection(SolutionProperties) = preSolution
		HideSolutionNode = FALSE
	EndGlobalSection
	GlobalSection(ExtensibilityGlobals) = postSolution
		SolutionGuid = {5B978F65-4DA7-4212-BB3E-C05D57F1A834}
	EndGlobalSection
EndGlobal
