
Microsoft Visual Studio Solution File, Format Version 12.00
# Visual Studio Version 16
VisualStudioVersion = 16.0.32002.261
MinimumVisualStudioVersion = 10.0.40219.1
Project("{FAE04EC0-301F-11D3-BF4B-00C04F79EFBC}") = "YGSHESAP", "YGSHESAP\YGSHESAP.csproj", "{B83BF749-2207-4887-A1D2-32C71C5020C6}"
EndProject
Global
	GlobalSection(SolutionConfigurationPlatforms) = preSolution
		Debug|Any CPU = Debug|Any CPU
		Release|Any CPU = Release|Any CPU
	EndGlobalSection
	GlobalSection(ProjectConfigurationPlatforms) = postSolution
		{B83BF749-2207-4887-A1D2-32C71C5020C6}.Debug|Any CPU.ActiveCfg = Debug|Any CPU
		{B83BF749-2207-4887-A1D2-32C71C5020C6}.Debug|Any CPU.Build.0 = Debug|Any CPU
		{B83BF749-2207-4887-A1D2-32C71C5020C6}.Release|Any CPU.ActiveCfg = Release|Any CPU
		{B83BF749-2207-4887-A1D2-32C71C5020C6}.Release|Any CPU.Build.0 = Release|Any CPU
	EndGlobalSection
	GlobalSection(SolutionProperties) = preSolution
		HideSolutionNode = FALSE
	EndGlobalSection
	GlobalSection(ExtensibilityGlobals) = postSolution
		SolutionGuid = {9094C221-B5D1-4969-A4E6-B79FC390543E}
	EndGlobalSection
EndGlobal
