
Microsoft Visual Studio Solution File, Format Version 12.00
# Visual Studio Version 16
VisualStudioVersion = 16.0.32002.261
MinimumVisualStudioVersion = 10.0.40219.1
Project("{FAE04EC0-301F-11D3-BF4B-00C04F79EFBC}") = "Inheritance", "Inheritance\Inheritance.csproj", "{AB9521CA-14DF-464D-AD82-26B80756C341}"
EndProject
Global
	GlobalSection(SolutionConfigurationPlatforms) = preSolution
		Debug|Any CPU = Debug|Any CPU
		Release|Any CPU = Release|Any CPU
	EndGlobalSection
	GlobalSection(ProjectConfigurationPlatforms) = postSolution
		{AB9521CA-14DF-464D-AD82-26B80756C341}.Debug|Any CPU.ActiveCfg = Debug|Any CPU
		{AB9521CA-14DF-464D-AD82-26B80756C341}.Debug|Any CPU.Build.0 = Debug|Any CPU
		{AB9521CA-14DF-464D-AD82-26B80756C341}.Release|Any CPU.ActiveCfg = Release|Any CPU
		{AB9521CA-14DF-464D-AD82-26B80756C341}.Release|Any CPU.Build.0 = Release|Any CPU
	EndGlobalSection
	GlobalSection(SolutionProperties) = preSolution
		HideSolutionNode = FALSE
	EndGlobalSection
	GlobalSection(ExtensibilityGlobals) = postSolution
		SolutionGuid = {0B8AE9DA-3075-4517-90AE-7BA802FF0AA8}
	EndGlobalSection
EndGlobal
