
Microsoft Visual Studio Solution File, Format Version 12.00
# Visual Studio Version 16
VisualStudioVersion = 16.0.32002.261
MinimumVisualStudioVersion = 10.0.40219.1
Project("{FAE04EC0-301F-11D3-BF4B-00C04F79EFBC}") = "WinFormsApp1", "WinFormsApp1\WinFormsApp1.csproj", "{6837D2BD-27E2-44E5-A54F-254C88B5B447}"
EndProject
Global
	GlobalSection(SolutionConfigurationPlatforms) = preSolution
		Debug|Any CPU = Debug|Any CPU
		Release|Any CPU = Release|Any CPU
	EndGlobalSection
	GlobalSection(ProjectConfigurationPlatforms) = postSolution
		{6837D2BD-27E2-44E5-A54F-254C88B5B447}.Debug|Any CPU.ActiveCfg = Debug|Any CPU
		{6837D2BD-27E2-44E5-A54F-254C88B5B447}.Debug|Any CPU.Build.0 = Debug|Any CPU
		{6837D2BD-27E2-44E5-A54F-254C88B5B447}.Release|Any CPU.ActiveCfg = Release|Any CPU
		{6837D2BD-27E2-44E5-A54F-254C88B5B447}.Release|Any CPU.Build.0 = Release|Any CPU
	EndGlobalSection
	GlobalSection(SolutionProperties) = preSolution
		HideSolutionNode = FALSE
	EndGlobalSection
	GlobalSection(ExtensibilityGlobals) = postSolution
		SolutionGuid = {916BD88F-9147-4FC0-BAC0-C75FC027BD9B}
	EndGlobalSection
EndGlobal
