
Microsoft Visual Studio Solution File, Format Version 12.00
# Visual Studio Version 16
VisualStudioVersion = 16.0.32002.261
MinimumVisualStudioVersion = 10.0.40219.1
Project("{FAE04EC0-301F-11D3-BF4B-00C04F79EFBC}") = "MediaPlayer", "MediaPlayer\MediaPlayer.csproj", "{8387AA41-F15C-4870-BD8E-58BD01E54327}"
EndProject
Global
	GlobalSection(SolutionConfigurationPlatforms) = preSolution
		Debug|Any CPU = Debug|Any CPU
		Release|Any CPU = Release|Any CPU
	EndGlobalSection
	GlobalSection(ProjectConfigurationPlatforms) = postSolution
		{8387AA41-F15C-4870-BD8E-58BD01E54327}.Debug|Any CPU.ActiveCfg = Debug|Any CPU
		{8387AA41-F15C-4870-BD8E-58BD01E54327}.Debug|Any CPU.Build.0 = Debug|Any CPU
		{8387AA41-F15C-4870-BD8E-58BD01E54327}.Release|Any CPU.ActiveCfg = Release|Any CPU
		{8387AA41-F15C-4870-BD8E-58BD01E54327}.Release|Any CPU.Build.0 = Release|Any CPU
	EndGlobalSection
	GlobalSection(SolutionProperties) = preSolution
		HideSolutionNode = FALSE
	EndGlobalSection
	GlobalSection(ExtensibilityGlobals) = postSolution
		SolutionGuid = {0DB2CB4B-5FBD-49AD-839B-692212F657C3}
	EndGlobalSection
EndGlobal
