
Microsoft Visual Studio Solution File, Format Version 12.00
# Visual Studio Version 16
VisualStudioVersion = 16.0.32002.261
MinimumVisualStudioVersion = 10.0.40219.1
Project("{FAE04EC0-301F-11D3-BF4B-00C04F79EFBC}") = "DateTimePicker", "DateTimePicker\DateTimePicker.csproj", "{DD995DE8-B9FB-42C3-B36F-8011D68CC731}"
EndProject
Global
	GlobalSection(SolutionConfigurationPlatforms) = preSolution
		Debug|Any CPU = Debug|Any CPU
		Release|Any CPU = Release|Any CPU
	EndGlobalSection
	GlobalSection(ProjectConfigurationPlatforms) = postSolution
		{DD995DE8-B9FB-42C3-B36F-8011D68CC731}.Debug|Any CPU.ActiveCfg = Debug|Any CPU
		{DD995DE8-B9FB-42C3-B36F-8011D68CC731}.Debug|Any CPU.Build.0 = Debug|Any CPU
		{DD995DE8-B9FB-42C3-B36F-8011D68CC731}.Release|Any CPU.ActiveCfg = Release|Any CPU
		{DD995DE8-B9FB-42C3-B36F-8011D68CC731}.Release|Any CPU.Build.0 = Release|Any CPU
	EndGlobalSection
	GlobalSection(SolutionProperties) = preSolution
		HideSolutionNode = FALSE
	EndGlobalSection
	GlobalSection(ExtensibilityGlobals) = postSolution
		SolutionGuid = {B884E13E-96DF-45C1-BCD8-AE16F262046E}
	EndGlobalSection
EndGlobal
