
Microsoft Visual Studio Solution File, Format Version 12.00
# Visual Studio Version 16
VisualStudioVersion = 16.0.32002.261
MinimumVisualStudioVersion = 10.0.40219.1
Project("{FAE04EC0-301F-11D3-BF4B-00C04F79EFBC}") = "AsalMıdır", "AsalMıdır\AsalMıdır.csproj", "{DA8BB0BE-1041-46CE-8F8B-6FB467D40D0D}"
EndProject
Global
	GlobalSection(SolutionConfigurationPlatforms) = preSolution
		Debug|Any CPU = Debug|Any CPU
		Release|Any CPU = Release|Any CPU
	EndGlobalSection
	GlobalSection(ProjectConfigurationPlatforms) = postSolution
		{DA8BB0BE-1041-46CE-8F8B-6FB467D40D0D}.Debug|Any CPU.ActiveCfg = Debug|Any CPU
		{DA8BB0BE-1041-46CE-8F8B-6FB467D40D0D}.Debug|Any CPU.Build.0 = Debug|Any CPU
		{DA8BB0BE-1041-46CE-8F8B-6FB467D40D0D}.Release|Any CPU.ActiveCfg = Release|Any CPU
		{DA8BB0BE-1041-46CE-8F8B-6FB467D40D0D}.Release|Any CPU.Build.0 = Release|Any CPU
	EndGlobalSection
	GlobalSection(SolutionProperties) = preSolution
		HideSolutionNode = FALSE
	EndGlobalSection
	GlobalSection(ExtensibilityGlobals) = postSolution
		SolutionGuid = {7FD05AE5-573E-4C7A-BE4B-A03F19363FB4}
	EndGlobalSection
EndGlobal
