
Microsoft Visual Studio Solution File, Format Version 12.00
# Visual Studio Version 16
VisualStudioVersion = 16.0.32002.261
MinimumVisualStudioVersion = 10.0.40219.1
Project("{FAE04EC0-301F-11D3-BF4B-00C04F79EFBC}") = "AdminGirisPanel", "AdminGirisPanel\AdminGirisPanel.csproj", "{6C9EEC2D-9FAF-4BC4-83AD-C16AF6436031}"
EndProject
Global
	GlobalSection(SolutionConfigurationPlatforms) = preSolution
		Debug|Any CPU = Debug|Any CPU
		Release|Any CPU = Release|Any CPU
	EndGlobalSection
	GlobalSection(ProjectConfigurationPlatforms) = postSolution
		{6C9EEC2D-9FAF-4BC4-83AD-C16AF6436031}.Debug|Any CPU.ActiveCfg = Debug|Any CPU
		{6C9EEC2D-9FAF-4BC4-83AD-C16AF6436031}.Debug|Any CPU.Build.0 = Debug|Any CPU
		{6C9EEC2D-9FAF-4BC4-83AD-C16AF6436031}.Release|Any CPU.ActiveCfg = Release|Any CPU
		{6C9EEC2D-9FAF-4BC4-83AD-C16AF6436031}.Release|Any CPU.Build.0 = Release|Any CPU
	EndGlobalSection
	GlobalSection(SolutionProperties) = preSolution
		HideSolutionNode = FALSE
	EndGlobalSection
	GlobalSection(ExtensibilityGlobals) = postSolution
		SolutionGuid = {A493E3C4-26A9-4A00-A19D-9325F805AA11}
	EndGlobalSection
EndGlobal
