
Microsoft Visual Studio Solution File, Format Version 12.00
# Visual Studio Version 16
VisualStudioVersion = 16.0.32002.261
MinimumVisualStudioVersion = 10.0.40219.1
Project("{FAE04EC0-301F-11D3-BF4B-00C04F79EFBC}") = "InterfaceUygulama", "InterfaceUygulama\InterfaceUygulama.csproj", "{96EB9027-C911-48A0-88E9-B0F9047AA400}"
EndProject
Global
	GlobalSection(SolutionConfigurationPlatforms) = preSolution
		Debug|Any CPU = Debug|Any CPU
		Release|Any CPU = Release|Any CPU
	EndGlobalSection
	GlobalSection(ProjectConfigurationPlatforms) = postSolution
		{96EB9027-C911-48A0-88E9-B0F9047AA400}.Debug|Any CPU.ActiveCfg = Debug|Any CPU
		{96EB9027-C911-48A0-88E9-B0F9047AA400}.Debug|Any CPU.Build.0 = Debug|Any CPU
		{96EB9027-C911-48A0-88E9-B0F9047AA400}.Release|Any CPU.ActiveCfg = Release|Any CPU
		{96EB9027-C911-48A0-88E9-B0F9047AA400}.Release|Any CPU.Build.0 = Release|Any CPU
	EndGlobalSection
	GlobalSection(SolutionProperties) = preSolution
		HideSolutionNode = FALSE
	EndGlobalSection
	GlobalSection(ExtensibilityGlobals) = postSolution
		SolutionGuid = {4E4E1C98-0F87-40BC-8D9E-545E4BDF26D0}
	EndGlobalSection
EndGlobal
