
Microsoft Visual Studio Solution File, Format Version 12.00
# Visual Studio Version 16
VisualStudioVersion = 16.0.32002.261
MinimumVisualStudioVersion = 10.0.40219.1
Project("{FAE04EC0-301F-11D3-BF4B-00C04F79EFBC}") = "RastgeleSayıOlusturma", "RastgeleSayıOlusturma\RastgeleSayıOlusturma.csproj", "{A19AA3CB-8782-45D5-8C7A-ABD9DD176C2D}"
EndProject
Global
	GlobalSection(SolutionConfigurationPlatforms) = preSolution
		Debug|Any CPU = Debug|Any CPU
		Release|Any CPU = Release|Any CPU
	EndGlobalSection
	GlobalSection(ProjectConfigurationPlatforms) = postSolution
		{A19AA3CB-8782-45D5-8C7A-ABD9DD176C2D}.Debug|Any CPU.ActiveCfg = Debug|Any CPU
		{A19AA3CB-8782-45D5-8C7A-ABD9DD176C2D}.Debug|Any CPU.Build.0 = Debug|Any CPU
		{A19AA3CB-8782-45D5-8C7A-ABD9DD176C2D}.Release|Any CPU.ActiveCfg = Release|Any CPU
		{A19AA3CB-8782-45D5-8C7A-ABD9DD176C2D}.Release|Any CPU.Build.0 = Release|Any CPU
	EndGlobalSection
	GlobalSection(SolutionProperties) = preSolution
		HideSolutionNode = FALSE
	EndGlobalSection
	GlobalSection(ExtensibilityGlobals) = postSolution
		SolutionGuid = {58959313-76B3-45D0-82BF-757B8D67A2BF}
	EndGlobalSection
EndGlobal
