
Microsoft Visual Studio Solution File, Format Version 12.00
# Visual Studio Version 16
VisualStudioVersion = 16.0.32002.261
MinimumVisualStudioVersion = 10.0.40219.1
Project("{FAE04EC0-301F-11D3-BF4B-00C04F79EFBC}") = "CarpimTablosuUyg", "CarpimTablosuUyg\CarpimTablosuUyg.csproj", "{D931B50C-F251-437F-BD60-45DC8E9B4E88}"
EndProject
Global
	GlobalSection(SolutionConfigurationPlatforms) = preSolution
		Debug|Any CPU = Debug|Any CPU
		Release|Any CPU = Release|Any CPU
	EndGlobalSection
	GlobalSection(ProjectConfigurationPlatforms) = postSolution
		{D931B50C-F251-437F-BD60-45DC8E9B4E88}.Debug|Any CPU.ActiveCfg = Debug|Any CPU
		{D931B50C-F251-437F-BD60-45DC8E9B4E88}.Debug|Any CPU.Build.0 = Debug|Any CPU
		{D931B50C-F251-437F-BD60-45DC8E9B4E88}.Release|Any CPU.ActiveCfg = Release|Any CPU
		{D931B50C-F251-437F-BD60-45DC8E9B4E88}.Release|Any CPU.Build.0 = Release|Any CPU
	EndGlobalSection
	GlobalSection(SolutionProperties) = preSolution
		HideSolutionNode = FALSE
	EndGlobalSection
	GlobalSection(ExtensibilityGlobals) = postSolution
		SolutionGuid = {917BFF91-893E-4924-8931-8C6F64CE36BA}
	EndGlobalSection
EndGlobal
