
Microsoft Visual Studio Solution File, Format Version 12.00
# Visual Studio Version 16
VisualStudioVersion = 16.0.32002.261
MinimumVisualStudioVersion = 10.0.40219.1
Project("{FAE04EC0-301F-11D3-BF4B-00C04F79EFBC}") = "KopekKalitim", "KopekKalitim\KopekKalitim.csproj", "{30F759F1-7051-45BC-86D9-CD6272DDF6CE}"
EndProject
Global
	GlobalSection(SolutionConfigurationPlatforms) = preSolution
		Debug|Any CPU = Debug|Any CPU
		Release|Any CPU = Release|Any CPU
	EndGlobalSection
	GlobalSection(ProjectConfigurationPlatforms) = postSolution
		{30F759F1-7051-45BC-86D9-CD6272DDF6CE}.Debug|Any CPU.ActiveCfg = Debug|Any CPU
		{30F759F1-7051-45BC-86D9-CD6272DDF6CE}.Debug|Any CPU.Build.0 = Debug|Any CPU
		{30F759F1-7051-45BC-86D9-CD6272DDF6CE}.Release|Any CPU.ActiveCfg = Release|Any CPU
		{30F759F1-7051-45BC-86D9-CD6272DDF6CE}.Release|Any CPU.Build.0 = Release|Any CPU
	EndGlobalSection
	GlobalSection(SolutionProperties) = preSolution
		HideSolutionNode = FALSE
	EndGlobalSection
	GlobalSection(ExtensibilityGlobals) = postSolution
		SolutionGuid = {13A2DE17-C280-462B-85C4-CE9E0CCCF7BD}
	EndGlobalSection
EndGlobal
