
Microsoft Visual Studio Solution File, Format Version 12.00
# Visual Studio Version 16
VisualStudioVersion = 16.0.32002.261
MinimumVisualStudioVersion = 10.0.40219.1
Project("{FAE04EC0-301F-11D3-BF4B-00C04F79EFBC}") = "21022022", "21022022\21022022.csproj", "{58A9C0FA-B0F6-4928-89C4-A6D3F5B9EFE5}"
EndProject
Global
	GlobalSection(SolutionConfigurationPlatforms) = preSolution
		Debug|Any CPU = Debug|Any CPU
		Release|Any CPU = Release|Any CPU
	EndGlobalSection
	GlobalSection(ProjectConfigurationPlatforms) = postSolution
		{58A9C0FA-B0F6-4928-89C4-A6D3F5B9EFE5}.Debug|Any CPU.ActiveCfg = Debug|Any CPU
		{58A9C0FA-B0F6-4928-89C4-A6D3F5B9EFE5}.Debug|Any CPU.Build.0 = Debug|Any CPU
		{58A9C0FA-B0F6-4928-89C4-A6D3F5B9EFE5}.Release|Any CPU.ActiveCfg = Release|Any CPU
		{58A9C0FA-B0F6-4928-89C4-A6D3F5B9EFE5}.Release|Any CPU.Build.0 = Release|Any CPU
	EndGlobalSection
	GlobalSection(SolutionProperties) = preSolution
		HideSolutionNode = FALSE
	EndGlobalSection
	GlobalSection(ExtensibilityGlobals) = postSolution
		SolutionGuid = {0AFAC1F0-0299-4E26-924D-ED0DEE199D3B}
	EndGlobalSection
EndGlobal
