
Microsoft Visual Studio Solution File, Format Version 12.00
# Visual Studio Version 16
VisualStudioVersion = 16.0.32002.261
MinimumVisualStudioVersion = 10.0.40219.1
Project("{FAE04EC0-301F-11D3-BF4B-00C04F79EFBC}") = "BasketbolSuperLig", "BasketbolSuperLig\BasketbolSuperLig.csproj", "{7FF18200-9D7D-43CF-A35F-A319252DE843}"
EndProject
Project("{FAE04EC0-301F-11D3-BF4B-00C04F79EFBC}") = "SatisUYG", "ConsoleApp1\SatisUYG.csproj", "{ECC3CA6B-EE1F-4912-87F6-1D4BD1D6D08E}"
EndProject
Project("{FAE04EC0-301F-11D3-BF4B-00C04F79EFBC}") = "CALISANUYGULAMA", "CALISANUYGULAMA\CALISANUYGULAMA.csproj", "{71B026BA-651C-4F7D-9E6C-65D41EFE8C72}"
EndProject
Global
	GlobalSection(SolutionConfigurationPlatforms) = preSolution
		Debug|Any CPU = Debug|Any CPU
		Release|Any CPU = Release|Any CPU
	EndGlobalSection
	GlobalSection(ProjectConfigurationPlatforms) = postSolution
		{7FF18200-9D7D-43CF-A35F-A319252DE843}.Debug|Any CPU.ActiveCfg = Debug|Any CPU
		{7FF18200-9D7D-43CF-A35F-A319252DE843}.Debug|Any CPU.Build.0 = Debug|Any CPU
		{7FF18200-9D7D-43CF-A35F-A319252DE843}.Release|Any CPU.ActiveCfg = Release|Any CPU
		{7FF18200-9D7D-43CF-A35F-A319252DE843}.Release|Any CPU.Build.0 = Release|Any CPU
		{ECC3CA6B-EE1F-4912-87F6-1D4BD1D6D08E}.Debug|Any CPU.ActiveCfg = Debug|Any CPU
		{ECC3CA6B-EE1F-4912-87F6-1D4BD1D6D08E}.Debug|Any CPU.Build.0 = Debug|Any CPU
		{ECC3CA6B-EE1F-4912-87F6-1D4BD1D6D08E}.Release|Any CPU.ActiveCfg = Release|Any CPU
		{ECC3CA6B-EE1F-4912-87F6-1D4BD1D6D08E}.Release|Any CPU.Build.0 = Release|Any CPU
		{71B026BA-651C-4F7D-9E6C-65D41EFE8C72}.Debug|Any CPU.ActiveCfg = Debug|Any CPU
		{71B026BA-651C-4F7D-9E6C-65D41EFE8C72}.Debug|Any CPU.Build.0 = Debug|Any CPU
		{71B026BA-651C-4F7D-9E6C-65D41EFE8C72}.Release|Any CPU.ActiveCfg = Release|Any CPU
		{71B026BA-651C-4F7D-9E6C-65D41EFE8C72}.Release|Any CPU.Build.0 = Release|Any CPU
	EndGlobalSection
	GlobalSection(SolutionProperties) = preSolution
		HideSolutionNode = FALSE
	EndGlobalSection
	GlobalSection(ExtensibilityGlobals) = postSolution
		SolutionGuid = {351A03EF-5EBE-445D-9E45-57292346251D}
	EndGlobalSection
EndGlobal
