
Microsoft Visual Studio Solution File, Format Version 12.00
# Visual Studio Version 16
VisualStudioVersion = 16.0.32002.261
MinimumVisualStudioVersion = 10.0.40219.1
Project("{FAE04EC0-301F-11D3-BF4B-00C04F79EFBC}") = "SayıListelemeUyg", "SayıListelemeUyg\SayıListelemeUyg.csproj", "{E249DE03-DEE2-4596-A042-5E30DA67261B}"
EndProject
Global
	GlobalSection(SolutionConfigurationPlatforms) = preSolution
		Debug|Any CPU = Debug|Any CPU
		Release|Any CPU = Release|Any CPU
	EndGlobalSection
	GlobalSection(ProjectConfigurationPlatforms) = postSolution
		{E249DE03-DEE2-4596-A042-5E30DA67261B}.Debug|Any CPU.ActiveCfg = Debug|Any CPU
		{E249DE03-DEE2-4596-A042-5E30DA67261B}.Debug|Any CPU.Build.0 = Debug|Any CPU
		{E249DE03-DEE2-4596-A042-5E30DA67261B}.Release|Any CPU.ActiveCfg = Release|Any CPU
		{E249DE03-DEE2-4596-A042-5E30DA67261B}.Release|Any CPU.Build.0 = Release|Any CPU
	EndGlobalSection
	GlobalSection(SolutionProperties) = preSolution
		HideSolutionNode = FALSE
	EndGlobalSection
	GlobalSection(ExtensibilityGlobals) = postSolution
		SolutionGuid = {C44FFE80-3737-48DB-A6AF-01544EBA4C50}
	EndGlobalSection
EndGlobal
